{
  "name": "Map",
  "lockfileVersion": 3,
  "requires": true,
  "packages": {
    "": {
      "dependencies": {
        "@types/fabric": "^5.3.6"
      }
    },
    "node_modules/@types/fabric": {
      "version": "5.3.6",
      "resolved": "https://registry.npmjs.org/@types/fabric/-/fabric-5.3.6.tgz",
      "integrity": "sha512-nTP5I68SsGnanIHxCoBX83ghscw9M9DI27iSDcd0Z+cpiQ5cZByH0nzkm4itDR/LgAy253q7B93xHgyOh2+hFQ=="
    }
  }
}
